
Microsoft Visual Studio Solution File, Format Version 12.00
# Visual Studio Version 17
VisualStudioVersion = 17.10.35013.160
MinimumVisualStudioVersion = 10.0.40219.1
Project("{FAE04EC0-301F-11D3-BF4B-00C04F79EFBC}") = "WebAPI", "WebAPI\WebAPI.csproj", "{F91A119F-A3AE-47AE-9421-7FA723ADDD75}"
EndProject
Project("{FAE04EC0-301F-11D3-BF4B-00C04F79EFBC}") = "WebView", "WebView\WebView.csproj", "{0DE22453-0BC8-49F1-8E16-9BFF1C262FBE}"
EndProject
Project("{FAE04EC0-301F-11D3-BF4B-00C04F79EFBC}") = "WebData", "WebData\WebData.csproj", "{64B0CA34-2A91-46F8-A320-6798700B5AB4}"
EndProject
Global
	GlobalSection(SolutionConfigurationPlatforms) = preSolution
		Debug|Any CPU = Debug|Any CPU
		Release|Any CPU = Release|Any CPU
	EndGlobalSection
	GlobalSection(ProjectConfigurationPlatforms) = postSolution
		{F91A119F-A3AE-47AE-9421-7FA723ADDD75}.Debug|Any CPU.ActiveCfg = Debug|Any CPU
		{F91A119F-A3AE-47AE-9421-7FA723ADDD75}.Debug|Any CPU.Build.0 = Debug|Any CPU
		{F91A119F-A3AE-47AE-9421-7FA723ADDD75}.Release|Any CPU.ActiveCfg = Release|Any CPU
		{F91A119F-A3AE-47AE-9421-7FA723ADDD75}.Release|Any CPU.Build.0 = Release|Any CPU
		{0DE22453-0BC8-49F1-8E16-9BFF1C262FBE}.Debug|Any CPU.ActiveCfg = Debug|Any CPU
		{0DE22453-0BC8-49F1-8E16-9BFF1C262FBE}.Debug|Any CPU.Build.0 = Debug|Any CPU
		{0DE22453-0BC8-49F1-8E16-9BFF1C262FBE}.Release|Any CPU.ActiveCfg = Release|Any CPU
		{0DE22453-0BC8-49F1-8E16-9BFF1C262FBE}.Release|Any CPU.Build.0 = Release|Any CPU
		{64B0CA34-2A91-46F8-A320-6798700B5AB4}.Debug|Any CPU.ActiveCfg = Debug|Any CPU
		{64B0CA34-2A91-46F8-A320-6798700B5AB4}.Debug|Any CPU.Build.0 = Debug|Any CPU
		{64B0CA34-2A91-46F8-A320-6798700B5AB4}.Release|Any CPU.ActiveCfg = Release|Any CPU
		{64B0CA34-2A91-46F8-A320-6798700B5AB4}.Release|Any CPU.Build.0 = Release|Any CPU
	EndGlobalSection
	GlobalSection(SolutionProperties) = preSolution
		HideSolutionNode = FALSE
	EndGlobalSection
	GlobalSection(ExtensibilityGlobals) = postSolution
		SolutionGuid = {38E1CEDB-A2D5-4C3F-A141-95B108B02E19}
	EndGlobalSection
EndGlobal
